
Microsoft Visual Studio Solution File, Format Version 12.00
Project("{FAE04EC0-301F-11D3-BF4B-00C04F79EFBC}") = "UI.Automation", "UI.Automation\UI.Automation.csproj", "{1771991B-E901-438E-9C26-AEDCB78823CA}"
EndProject
Project("{FAE04EC0-301F-11D3-BF4B-00C04F79EFBC}") = "Automation.Framework", "Automation.Framework\Automation.Framework.csproj", "{2F90F9AC-DF8A-40CB-AB5E-1C707F0E9CC9}"
EndProject
Project("{FAE04EC0-301F-11D3-BF4B-00C04F79EFBC}") = "API.Automation", "API.Automation\API.Automation.csproj", "{2D019346-5C51-436C-9922-3336D6695782}"
EndProject
Project("{FAE04EC0-301F-11D3-BF4B-00C04F79EFBC}") = "TicketBookingApp", "TicketBookingApp\TicketBookingApp.csproj", "{BCBFF351-81C7-4484-8E4E-589DFDE066ED}"
EndProject
Global
	GlobalSection(SolutionConfigurationPlatforms) = preSolution
		Debug|Any CPU = Debug|Any CPU
		Release|Any CPU = Release|Any CPU
	EndGlobalSection
	GlobalSection(ProjectConfigurationPlatforms) = postSolution
		{1771991B-E901-438E-9C26-AEDCB78823CA}.Debug|Any CPU.ActiveCfg = Debug|Any CPU
		{1771991B-E901-438E-9C26-AEDCB78823CA}.Debug|Any CPU.Build.0 = Debug|Any CPU
		{1771991B-E901-438E-9C26-AEDCB78823CA}.Release|Any CPU.ActiveCfg = Release|Any CPU
		{1771991B-E901-438E-9C26-AEDCB78823CA}.Release|Any CPU.Build.0 = Release|Any CPU
		{2F90F9AC-DF8A-40CB-AB5E-1C707F0E9CC9}.Debug|Any CPU.ActiveCfg = Debug|Any CPU
		{2F90F9AC-DF8A-40CB-AB5E-1C707F0E9CC9}.Debug|Any CPU.Build.0 = Debug|Any CPU
		{2F90F9AC-DF8A-40CB-AB5E-1C707F0E9CC9}.Release|Any CPU.ActiveCfg = Release|Any CPU
		{2F90F9AC-DF8A-40CB-AB5E-1C707F0E9CC9}.Release|Any CPU.Build.0 = Release|Any CPU
		{2D019346-5C51-436C-9922-3336D6695782}.Debug|Any CPU.ActiveCfg = Debug|Any CPU
		{2D019346-5C51-436C-9922-3336D6695782}.Debug|Any CPU.Build.0 = Debug|Any CPU
		{2D019346-5C51-436C-9922-3336D6695782}.Release|Any CPU.ActiveCfg = Release|Any CPU
		{2D019346-5C51-436C-9922-3336D6695782}.Release|Any CPU.Build.0 = Release|Any CPU
		{BCBFF351-81C7-4484-8E4E-589DFDE066ED}.Debug|Any CPU.ActiveCfg = Debug|Any CPU
		{BCBFF351-81C7-4484-8E4E-589DFDE066ED}.Debug|Any CPU.Build.0 = Debug|Any CPU
		{BCBFF351-81C7-4484-8E4E-589DFDE066ED}.Release|Any CPU.ActiveCfg = Release|Any CPU
		{BCBFF351-81C7-4484-8E4E-589DFDE066ED}.Release|Any CPU.Build.0 = Release|Any CPU
	EndGlobalSection
EndGlobal
